
Microsoft Visual Studio Solution File, Format Version 12.00
# Visual Studio 15
VisualStudioVersion = 15.0.26014.0
MinimumVisualStudioVersion = 10.0.40219.1
Project("{FAE04EC0-301F-11D3-BF4B-00C04F79EFBC}") = "Sklep new", "Sklep new\Sklep new.csproj", "{ABBEFE19-0BFF-40D9-943D-16A0E0470C2F}"
EndProject
Project("{FAE04EC0-301F-11D3-BF4B-00C04F79EFBC}") = "Sklep new.Tests", "Sklep new.Tests\Sklep new.Tests.csproj", "{46783CAA-4285-4A54-A26B-F7BC6E46F824}"
EndProject
Global
	GlobalSection(SolutionConfigurationPlatforms) = preSolution
		Debug|Any CPU = Debug|Any CPU
		Release|Any CPU = Release|Any CPU
	EndGlobalSection
	GlobalSection(ProjectConfigurationPlatforms) = postSolution
		{ABBEFE19-0BFF-40D9-943D-16A0E0470C2F}.Debug|Any CPU.ActiveCfg = Debug|Any CPU
		{ABBEFE19-0BFF-40D9-943D-16A0E0470C2F}.Debug|Any CPU.Build.0 = Debug|Any CPU
		{ABBEFE19-0BFF-40D9-943D-16A0E0470C2F}.Release|Any CPU.ActiveCfg = Release|Any CPU
		{ABBEFE19-0BFF-40D9-943D-16A0E0470C2F}.Release|Any CPU.Build.0 = Release|Any CPU
		{46783CAA-4285-4A54-A26B-F7BC6E46F824}.Debug|Any CPU.ActiveCfg = Debug|Any CPU
		{46783CAA-4285-4A54-A26B-F7BC6E46F824}.Debug|Any CPU.Build.0 = Debug|Any CPU
		{46783CAA-4285-4A54-A26B-F7BC6E46F824}.Release|Any CPU.ActiveCfg = Release|Any CPU
		{46783CAA-4285-4A54-A26B-F7BC6E46F824}.Release|Any CPU.Build.0 = Release|Any CPU
	EndGlobalSection
	GlobalSection(SolutionProperties) = preSolution
		HideSolutionNode = FALSE
	EndGlobalSection
EndGlobal
